
Microsoft Visual Studio Solution File, Format Version 12.00
# Visual Studio Version 17
VisualStudioVersion = 17.7.34202.233
MinimumVisualStudioVersion = 10.0.40219.1
Project("{8BC9CEB8-8B4A-11D0-8D11-00A0C91BC942}") = "00.Programming_p", "Programming\Programming.vcxproj", "{45325864-5FBA-401F-8E1B-E363550AEEDD}"
EndProject
Project("{8BC9CEB8-8B4A-11D0-8D11-00A0C91BC942}") = "01.DataType_p", "01.DataType_p\01.DataType_p.vcxproj", "{5872FCB6-B603-43A0-8EC2-AD249BD85A53}"
EndProject
Project("{8BC9CEB8-8B4A-11D0-8D11-00A0C91BC942}") = "01.DataType_T", "01.DataType_T\01.DataType_T.vcxproj", "{3E310847-4910-4C24-9B61-6591526E8A80}"
EndProject
Project("{8BC9CEB8-8B4A-11D0-8D11-00A0C91BC942}") = "02.Operator_p", "02.Operator_p\02.Operator_p.vcxproj", "{DCF97AC7-7C82-4D46-B850-619124BDEFC0}"
EndProject
Project("{8BC9CEB8-8B4A-11D0-8D11-00A0C91BC942}") = "NOTE", "NOTE\NOTE.vcxproj", "{F15BBFB2-736E-42F7-9A13-A36AA1AAB39A}"
EndProject
Project("{8BC9CEB8-8B4A-11D0-8D11-00A0C91BC942}") = "02.Operator_t", "02.Operator_t\02.Operator_t.vcxproj", "{1DCE8AE1-883A-4AF3-BA49-D7E4B6458E22}"
EndProject
Project("{8BC9CEB8-8B4A-11D0-8D11-00A0C91BC942}") = "03.Conditional_p", "03.Conditional_p\03.Conditional_p.vcxproj", "{9168B7DA-F761-4818-A060-C66529067D21}"
EndProject
Project("{8BC9CEB8-8B4A-11D0-8D11-00A0C91BC942}") = "04.Loop_p", "04.Loop_p\04.Loop_p.vcxproj", "{0D3B3E53-8A5C-43E4-B165-DE3315CB8C27}"
EndProject
Project("{8BC9CEB8-8B4A-11D0-8D11-00A0C91BC942}") = "04.Loop_t", "04.Loop_t\04.Loop_t.vcxproj", "{3D83693B-D902-4905-8682-1426350565B4}"
EndProject
Project("{8BC9CEB8-8B4A-11D0-8D11-00A0C91BC942}") = "04.Loop_RSPGame", "04.Loop_RSPGame\04.Loop_RSPGame.vcxproj", "{4C36F227-3F0D-4911-B259-662A4FE1164C}"
EndProject
Project("{8BC9CEB8-8B4A-11D0-8D11-00A0C91BC942}") = "05.Function_p", "05.Function_p\05.Function_p.vcxproj", "{CDF2CF96-6FE6-4EE8-9643-68566FC53E96}"
EndProject
Project("{8BC9CEB8-8B4A-11D0-8D11-00A0C91BC942}") = "06.Pointer_p", "06.Pointer_p\06.Pointer_p.vcxproj", "{1A3C0AE5-2F21-458B-8F37-C9BBC1CF2B08}"
EndProject
Project("{8BC9CEB8-8B4A-11D0-8D11-00A0C91BC942}") = "07.Memory_p", "07.Memory_p\07.Memory_p.vcxproj", "{86D27A6D-E4DE-410D-83FD-847D59DA7DF8}"
EndProject
Project("{8BC9CEB8-8B4A-11D0-8D11-00A0C91BC942}") = "08.Array_p", "08.Array_p\08.Array_p.vcxproj", "{FB380621-47F4-417A-813E-DC0A0A95ED54}"
EndProject
Project("{8BC9CEB8-8B4A-11D0-8D11-00A0C91BC942}") = "09.UserDefineType_p", "09.UserDefineType_p\09.UserDefineType_p.vcxproj", "{A4A3DCF7-ECD2-4AE9-8C3C-02415D76DDAD}"
EndProject
Project("{8BC9CEB8-8B4A-11D0-8D11-00A0C91BC942}") = "09.UserDefineType_SliderGame", "09.UserDefineType_SliderGame\09.UserDefineType_SliderGame.vcxproj", "{82CAF281-A16A-443A-8984-42D2136BB4BC}"
EndProject
Project("{8BC9CEB8-8B4A-11D0-8D11-00A0C91BC942}") = "10.OOP_p", "10.OOP_p\10.OOP_p.vcxproj", "{6BB86CF2-5067-4E0A-AC1D-23613B11AE77}"
EndProject
Project("{8BC9CEB8-8B4A-11D0-8D11-00A0C91BC942}") = "10.OOP_RacingGame", "10.OOP_RacingGame\10.OOP_RacingGame.vcxproj", "{54118C61-ED53-4356-A42D-833D5884A446}"
EndProject
Project("{8BC9CEB8-8B4A-11D0-8D11-00A0C91BC942}") = "NOTE2", "NOTE2\NOTE2.vcxproj", "{138505E8-69AE-4323-A353-704EA2A3ABE2}"
EndProject
Project("{8BC9CEB8-8B4A-11D0-8D11-00A0C91BC942}") = "10.OOP_TRPG", "10.OOP_TRPG\10.OOP_TRPG.vcxproj", "{E5049E53-2152-41EE-AD7D-82BD8C33D8E9}"
EndProject
Global
	GlobalSection(SolutionConfigurationPlatforms) = preSolution
		Debug|x64 = Debug|x64
		Debug|x86 = Debug|x86
		Release|x64 = Release|x64
		Release|x86 = Release|x86
	EndGlobalSection
	GlobalSection(ProjectConfigurationPlatforms) = postSolution
		{45325864-5FBA-401F-8E1B-E363550AEEDD}.Debug|x64.ActiveCfg = Debug|x64
		{45325864-5FBA-401F-8E1B-E363550AEEDD}.Debug|x64.Build.0 = Debug|x64
		{45325864-5FBA-401F-8E1B-E363550AEEDD}.Debug|x86.ActiveCfg = Debug|Win32
		{45325864-5FBA-401F-8E1B-E363550AEEDD}.Debug|x86.Build.0 = Debug|Win32
		{45325864-5FBA-401F-8E1B-E363550AEEDD}.Release|x64.ActiveCfg = Release|x64
		{45325864-5FBA-401F-8E1B-E363550AEEDD}.Release|x64.Build.0 = Release|x64
		{45325864-5FBA-401F-8E1B-E363550AEEDD}.Release|x86.ActiveCfg = Release|Win32
		{45325864-5FBA-401F-8E1B-E363550AEEDD}.Release|x86.Build.0 = Release|Win32
		{5872FCB6-B603-43A0-8EC2-AD249BD85A53}.Debug|x64.ActiveCfg = Debug|x64
		{5872FCB6-B603-43A0-8EC2-AD249BD85A53}.Debug|x64.Build.0 = Debug|x64
		{5872FCB6-B603-43A0-8EC2-AD249BD85A53}.Debug|x86.ActiveCfg = Debug|Win32
		{5872FCB6-B603-43A0-8EC2-AD249BD85A53}.Debug|x86.Build.0 = Debug|Win32
		{5872FCB6-B603-43A0-8EC2-AD249BD85A53}.Release|x64.ActiveCfg = Release|x64
		{5872FCB6-B603-43A0-8EC2-AD249BD85A53}.Release|x64.Build.0 = Release|x64
		{5872FCB6-B603-43A0-8EC2-AD249BD85A53}.Release|x86.ActiveCfg = Release|Win32
		{5872FCB6-B603-43A0-8EC2-AD249BD85A53}.Release|x86.Build.0 = Release|Win32
		{3E310847-4910-4C24-9B61-6591526E8A80}.Debug|x64.ActiveCfg = Debug|x64
		{3E310847-4910-4C24-9B61-6591526E8A80}.Debug|x64.Build.0 = Debug|x64
		{3E310847-4910-4C24-9B61-6591526E8A80}.Debug|x86.ActiveCfg = Debug|Win32
		{3E310847-4910-4C24-9B61-6591526E8A80}.Debug|x86.Build.0 = Debug|Win32
		{3E310847-4910-4C24-9B61-6591526E8A80}.Release|x64.ActiveCfg = Release|x64
		{3E310847-4910-4C24-9B61-6591526E8A80}.Release|x64.Build.0 = Release|x64
		{3E310847-4910-4C24-9B61-6591526E8A80}.Release|x86.ActiveCfg = Release|Win32
		{3E310847-4910-4C24-9B61-6591526E8A80}.Release|x86.Build.0 = Release|Win32
		{DCF97AC7-7C82-4D46-B850-619124BDEFC0}.Debug|x64.ActiveCfg = Debug|x64
		{DCF97AC7-7C82-4D46-B850-619124BDEFC0}.Debug|x64.Build.0 = Debug|x64
		{DCF97AC7-7C82-4D46-B850-619124BDEFC0}.Debug|x86.ActiveCfg = Debug|Win32
		{DCF97AC7-7C82-4D46-B850-619124BDEFC0}.Debug|x86.Build.0 = Debug|Win32
		{DCF97AC7-7C82-4D46-B850-619124BDEFC0}.Release|x64.ActiveCfg = Release|x64
		{DCF97AC7-7C82-4D46-B850-619124BDEFC0}.Release|x64.Build.0 = Release|x64
		{DCF97AC7-7C82-4D46-B850-619124BDEFC0}.Release|x86.ActiveCfg = Release|Win32
		{DCF97AC7-7C82-4D46-B850-619124BDEFC0}.Release|x86.Build.0 = Release|Win32
		{F15BBFB2-736E-42F7-9A13-A36AA1AAB39A}.Debug|x64.ActiveCfg = Debug|x64
		{F15BBFB2-736E-42F7-9A13-A36AA1AAB39A}.Debug|x64.Build.0 = Debug|x64
		{F15BBFB2-736E-42F7-9A13-A36AA1AAB39A}.Debug|x86.ActiveCfg = Debug|Win32
		{F15BBFB2-736E-42F7-9A13-A36AA1AAB39A}.Debug|x86.Build.0 = Debug|Win32
		{F15BBFB2-736E-42F7-9A13-A36AA1AAB39A}.Release|x64.ActiveCfg = Release|x64
		{F15BBFB2-736E-42F7-9A13-A36AA1AAB39A}.Release|x64.Build.0 = Release|x64
		{F15BBFB2-736E-42F7-9A13-A36AA1AAB39A}.Release|x86.ActiveCfg = Release|Win32
		{F15BBFB2-736E-42F7-9A13-A36AA1AAB39A}.Release|x86.Build.0 = Release|Win32
		{1DCE8AE1-883A-4AF3-BA49-D7E4B6458E22}.Debug|x64.ActiveCfg = Debug|x64
		{1DCE8AE1-883A-4AF3-BA49-D7E4B6458E22}.Debug|x64.Build.0 = Debug|x64
		{1DCE8AE1-883A-4AF3-BA49-D7E4B6458E22}.Debug|x86.ActiveCfg = Debug|Win32
		{1DCE8AE1-883A-4AF3-BA49-D7E4B6458E22}.Debug|x86.Build.0 = Debug|Win32
		{1DCE8AE1-883A-4AF3-BA49-D7E4B6458E22}.Release|x64.ActiveCfg = Release|x64
		{1DCE8AE1-883A-4AF3-BA49-D7E4B6458E22}.Release|x64.Build.0 = Release|x64
		{1DCE8AE1-883A-4AF3-BA49-D7E4B6458E22}.Release|x86.ActiveCfg = Release|Win32
		{1DCE8AE1-883A-4AF3-BA49-D7E4B6458E22}.Release|x86.Build.0 = Release|Win32
		{9168B7DA-F761-4818-A060-C66529067D21}.Debug|x64.ActiveCfg = Debug|x64
		{9168B7DA-F761-4818-A060-C66529067D21}.Debug|x64.Build.0 = Debug|x64
		{9168B7DA-F761-4818-A060-C66529067D21}.Debug|x86.ActiveCfg = Debug|Win32
		{9168B7DA-F761-4818-A060-C66529067D21}.Debug|x86.Build.0 = Debug|Win32
		{9168B7DA-F761-4818-A060-C66529067D21}.Release|x64.ActiveCfg = Release|x64
		{9168B7DA-F761-4818-A060-C66529067D21}.Release|x64.Build.0 = Release|x64
		{9168B7DA-F761-4818-A060-C66529067D21}.Release|x86.ActiveCfg = Release|Win32
		{9168B7DA-F761-4818-A060-C66529067D21}.Release|x86.Build.0 = Release|Win32
		{0D3B3E53-8A5C-43E4-B165-DE3315CB8C27}.Debug|x64.ActiveCfg = Debug|x64
		{0D3B3E53-8A5C-43E4-B165-DE3315CB8C27}.Debug|x64.Build.0 = Debug|x64
		{0D3B3E53-8A5C-43E4-B165-DE3315CB8C27}.Debug|x86.ActiveCfg = Debug|Win32
		{0D3B3E53-8A5C-43E4-B165-DE3315CB8C27}.Debug|x86.Build.0 = Debug|Win32
		{0D3B3E53-8A5C-43E4-B165-DE3315CB8C27}.Release|x64.ActiveCfg = Release|x64
		{0D3B3E53-8A5C-43E4-B165-DE3315CB8C27}.Release|x64.Build.0 = Release|x64
		{0D3B3E53-8A5C-43E4-B165-DE3315CB8C27}.Release|x86.ActiveCfg = Release|Win32
		{0D3B3E53-8A5C-43E4-B165-DE3315CB8C27}.Release|x86.Build.0 = Release|Win32
		{3D83693B-D902-4905-8682-1426350565B4}.Debug|x64.ActiveCfg = Debug|x64
		{3D83693B-D902-4905-8682-1426350565B4}.Debug|x64.Build.0 = Debug|x64
		{3D83693B-D902-4905-8682-1426350565B4}.Debug|x86.ActiveCfg = Debug|Win32
		{3D83693B-D902-4905-8682-1426350565B4}.Debug|x86.Build.0 = Debug|Win32
		{3D83693B-D902-4905-8682-1426350565B4}.Release|x64.ActiveCfg = Release|x64
		{3D83693B-D902-4905-8682-1426350565B4}.Release|x64.Build.0 = Release|x64
		{3D83693B-D902-4905-8682-1426350565B4}.Release|x86.ActiveCfg = Release|Win32
		{3D83693B-D902-4905-8682-1426350565B4}.Release|x86.Build.0 = Release|Win32
		{4C36F227-3F0D-4911-B259-662A4FE1164C}.Debug|x64.ActiveCfg = Debug|x64
		{4C36F227-3F0D-4911-B259-662A4FE1164C}.Debug|x64.Build.0 = Debug|x64
		{4C36F227-3F0D-4911-B259-662A4FE1164C}.Debug|x86.ActiveCfg = Debug|Win32
		{4C36F227-3F0D-4911-B259-662A4FE1164C}.Debug|x86.Build.0 = Debug|Win32
		{4C36F227-3F0D-4911-B259-662A4FE1164C}.Release|x64.ActiveCfg = Release|x64
		{4C36F227-3F0D-4911-B259-662A4FE1164C}.Release|x64.Build.0 = Release|x64
		{4C36F227-3F0D-4911-B259-662A4FE1164C}.Release|x86.ActiveCfg = Release|Win32
		{4C36F227-3F0D-4911-B259-662A4FE1164C}.Release|x86.Build.0 = Release|Win32
		{CDF2CF96-6FE6-4EE8-9643-68566FC53E96}.Debug|x64.ActiveCfg = Debug|x64
		{CDF2CF96-6FE6-4EE8-9643-68566FC53E96}.Debug|x64.Build.0 = Debug|x64
		{CDF2CF96-6FE6-4EE8-9643-68566FC53E96}.Debug|x86.ActiveCfg = Debug|Win32
		{CDF2CF96-6FE6-4EE8-9643-68566FC53E96}.Debug|x86.Build.0 = Debug|Win32
		{CDF2CF96-6FE6-4EE8-9643-68566FC53E96}.Release|x64.ActiveCfg = Release|x64
		{CDF2CF96-6FE6-4EE8-9643-68566FC53E96}.Release|x64.Build.0 = Release|x64
		{CDF2CF96-6FE6-4EE8-9643-68566FC53E96}.Release|x86.ActiveCfg = Release|Win32
		{CDF2CF96-6FE6-4EE8-9643-68566FC53E96}.Release|x86.Build.0 = Release|Win32
		{1A3C0AE5-2F21-458B-8F37-C9BBC1CF2B08}.Debug|x64.ActiveCfg = Debug|x64
		{1A3C0AE5-2F21-458B-8F37-C9BBC1CF2B08}.Debug|x64.Build.0 = Debug|x64
		{1A3C0AE5-2F21-458B-8F37-C9BBC1CF2B08}.Debug|x86.ActiveCfg = Debug|Win32
		{1A3C0AE5-2F21-458B-8F37-C9BBC1CF2B08}.Debug|x86.Build.0 = Debug|Win32
		{1A3C0AE5-2F21-458B-8F37-C9BBC1CF2B08}.Release|x64.ActiveCfg = Release|x64
		{1A3C0AE5-2F21-458B-8F37-C9BBC1CF2B08}.Release|x64.Build.0 = Release|x64
		{1A3C0AE5-2F21-458B-8F37-C9BBC1CF2B08}.Release|x86.ActiveCfg = Release|Win32
		{1A3C0AE5-2F21-458B-8F37-C9BBC1CF2B08}.Release|x86.Build.0 = Release|Win32
		{86D27A6D-E4DE-410D-83FD-847D59DA7DF8}.Debug|x64.ActiveCfg = Debug|x64
		{86D27A6D-E4DE-410D-83FD-847D59DA7DF8}.Debug|x64.Build.0 = Debug|x64
		{86D27A6D-E4DE-410D-83FD-847D59DA7DF8}.Debug|x86.ActiveCfg = Debug|Win32
		{86D27A6D-E4DE-410D-83FD-847D59DA7DF8}.Debug|x86.Build.0 = Debug|Win32
		{86D27A6D-E4DE-410D-83FD-847D59DA7DF8}.Release|x64.ActiveCfg = Release|x64
		{86D27A6D-E4DE-410D-83FD-847D59DA7DF8}.Release|x64.Build.0 = Release|x64
		{86D27A6D-E4DE-410D-83FD-847D59DA7DF8}.Release|x86.ActiveCfg = Release|Win32
		{86D27A6D-E4DE-410D-83FD-847D59DA7DF8}.Release|x86.Build.0 = Release|Win32
		{FB380621-47F4-417A-813E-DC0A0A95ED54}.Debug|x64.ActiveCfg = Debug|x64
		{FB380621-47F4-417A-813E-DC0A0A95ED54}.Debug|x64.Build.0 = Debug|x64
		{FB380621-47F4-417A-813E-DC0A0A95ED54}.Debug|x86.ActiveCfg = Debug|Win32
		{FB380621-47F4-417A-813E-DC0A0A95ED54}.Debug|x86.Build.0 = Debug|Win32
		{FB380621-47F4-417A-813E-DC0A0A95ED54}.Release|x64.ActiveCfg = Release|x64
		{FB380621-47F4-417A-813E-DC0A0A95ED54}.Release|x64.Build.0 = Release|x64
		{FB380621-47F4-417A-813E-DC0A0A95ED54}.Release|x86.ActiveCfg = Release|Win32
		{FB380621-47F4-417A-813E-DC0A0A95ED54}.Release|x86.Build.0 = Release|Win32
		{A4A3DCF7-ECD2-4AE9-8C3C-02415D76DDAD}.Debug|x64.ActiveCfg = Debug|x64
		{A4A3DCF7-ECD2-4AE9-8C3C-02415D76DDAD}.Debug|x64.Build.0 = Debug|x64
		{A4A3DCF7-ECD2-4AE9-8C3C-02415D76DDAD}.Debug|x86.ActiveCfg = Debug|Win32
		{A4A3DCF7-ECD2-4AE9-8C3C-02415D76DDAD}.Debug|x86.Build.0 = Debug|Win32
		{A4A3DCF7-ECD2-4AE9-8C3C-02415D76DDAD}.Release|x64.ActiveCfg = Release|x64
		{A4A3DCF7-ECD2-4AE9-8C3C-02415D76DDAD}.Release|x64.Build.0 = Release|x64
		{A4A3DCF7-ECD2-4AE9-8C3C-02415D76DDAD}.Release|x86.ActiveCfg = Release|Win32
		{A4A3DCF7-ECD2-4AE9-8C3C-02415D76DDAD}.Release|x86.Build.0 = Release|Win32
		{82CAF281-A16A-443A-8984-42D2136BB4BC}.Debug|x64.ActiveCfg = Debug|x64
		{82CAF281-A16A-443A-8984-42D2136BB4BC}.Debug|x64.Build.0 = Debug|x64
		{82CAF281-A16A-443A-8984-42D2136BB4BC}.Debug|x86.ActiveCfg = Debug|Win32
		{82CAF281-A16A-443A-8984-42D2136BB4BC}.Debug|x86.Build.0 = Debug|Win32
		{82CAF281-A16A-443A-8984-42D2136BB4BC}.Release|x64.ActiveCfg = Release|x64
		{82CAF281-A16A-443A-8984-42D2136BB4BC}.Release|x64.Build.0 = Release|x64
		{82CAF281-A16A-443A-8984-42D2136BB4BC}.Release|x86.ActiveCfg = Release|Win32
		{82CAF281-A16A-443A-8984-42D2136BB4BC}.Release|x86.Build.0 = Release|Win32
		{6BB86CF2-5067-4E0A-AC1D-23613B11AE77}.Debug|x64.ActiveCfg = Debug|x64
		{6BB86CF2-5067-4E0A-AC1D-23613B11AE77}.Debug|x64.Build.0 = Debug|x64
		{6BB86CF2-5067-4E0A-AC1D-23613B11AE77}.Debug|x86.ActiveCfg = Debug|Win32
		{6BB86CF2-5067-4E0A-AC1D-23613B11AE77}.Debug|x86.Build.0 = Debug|Win32
		{6BB86CF2-5067-4E0A-AC1D-23613B11AE77}.Release|x64.ActiveCfg = Release|x64
		{6BB86CF2-5067-4E0A-AC1D-23613B11AE77}.Release|x64.Build.0 = Release|x64
		{6BB86CF2-5067-4E0A-AC1D-23613B11AE77}.Release|x86.ActiveCfg = Release|Win32
		{6BB86CF2-5067-4E0A-AC1D-23613B11AE77}.Release|x86.Build.0 = Release|Win32
		{54118C61-ED53-4356-A42D-833D5884A446}.Debug|x64.ActiveCfg = Debug|x64
		{54118C61-ED53-4356-A42D-833D5884A446}.Debug|x64.Build.0 = Debug|x64
		{54118C61-ED53-4356-A42D-833D5884A446}.Debug|x86.ActiveCfg = Debug|Win32
		{54118C61-ED53-4356-A42D-833D5884A446}.Debug|x86.Build.0 = Debug|Win32
		{54118C61-ED53-4356-A42D-833D5884A446}.Release|x64.ActiveCfg = Release|x64
		{54118C61-ED53-4356-A42D-833D5884A446}.Release|x64.Build.0 = Release|x64
		{54118C61-ED53-4356-A42D-833D5884A446}.Release|x86.ActiveCfg = Release|Win32
		{54118C61-ED53-4356-A42D-833D5884A446}.Release|x86.Build.0 = Release|Win32
		{138505E8-69AE-4323-A353-704EA2A3ABE2}.Debug|x64.ActiveCfg = Debug|x64
		{138505E8-69AE-4323-A353-704EA2A3ABE2}.Debug|x64.Build.0 = Debug|x64
		{138505E8-69AE-4323-A353-704EA2A3ABE2}.Debug|x86.ActiveCfg = Debug|Win32
		{138505E8-69AE-4323-A353-704EA2A3ABE2}.Debug|x86.Build.0 = Debug|Win32
		{138505E8-69AE-4323-A353-704EA2A3ABE2}.Release|x64.ActiveCfg = Release|x64
		{138505E8-69AE-4323-A353-704EA2A3ABE2}.Release|x64.Build.0 = Release|x64
		{138505E8-69AE-4323-A353-704EA2A3ABE2}.Release|x86.ActiveCfg = Release|Win32
		{138505E8-69AE-4323-A353-704EA2A3ABE2}.Release|x86.Build.0 = Release|Win32
		{E5049E53-2152-41EE-AD7D-82BD8C33D8E9}.Debug|x64.ActiveCfg = Debug|x64
		{E5049E53-2152-41EE-AD7D-82BD8C33D8E9}.Debug|x64.Build.0 = Debug|x64
		{E5049E53-2152-41EE-AD7D-82BD8C33D8E9}.Debug|x86.ActiveCfg = Debug|Win32
		{E5049E53-2152-41EE-AD7D-82BD8C33D8E9}.Debug|x86.Build.0 = Debug|Win32
		{E5049E53-2152-41EE-AD7D-82BD8C33D8E9}.Release|x64.ActiveCfg = Release|x64
		{E5049E53-2152-41EE-AD7D-82BD8C33D8E9}.Release|x64.Build.0 = Release|x64
		{E5049E53-2152-41EE-AD7D-82BD8C33D8E9}.Release|x86.ActiveCfg = Release|Win32
		{E5049E53-2152-41EE-AD7D-82BD8C33D8E9}.Release|x86.Build.0 = Release|Win32
	EndGlobalSection
	GlobalSection(SolutionProperties) = preSolution
		HideSolutionNode = FALSE
	EndGlobalSection
	GlobalSection(ExtensibilityGlobals) = postSolution
		SolutionGuid = {B5FB0890-89AD-41E8-B36E-3E40036EF133}
	EndGlobalSection
EndGlobal
